
Microsoft Visual Studio Solution File, Format Version 12.00
# Visual Studio Version 16
VisualStudioVersion = 25.0.1706.6
MinimumVisualStudioVersion = 10.0.40219.1
Project("{FAE04EC0-301F-11D3-BF4B-00C04F79EFBC}") = "overerving", "overerving.csproj", "{FD18F352-415A-408C-BB4C-F665E2068F7C}"
EndProject
Global
	GlobalSection(SolutionConfigurationPlatforms) = preSolution
		Debug|Any CPU = Debug|Any CPU
		Release|Any CPU = Release|Any CPU
	EndGlobalSection
	GlobalSection(ProjectConfigurationPlatforms) = postSolution
		{FD18F352-415A-408C-BB4C-F665E2068F7C}.Debug|Any CPU.ActiveCfg = Debug|Any CPU
		{FD18F352-415A-408C-BB4C-F665E2068F7C}.Debug|Any CPU.Build.0 = Debug|Any CPU
		{FD18F352-415A-408C-BB4C-F665E2068F7C}.Release|Any CPU.ActiveCfg = Release|Any CPU
		{FD18F352-415A-408C-BB4C-F665E2068F7C}.Release|Any CPU.Build.0 = Release|Any CPU
	EndGlobalSection
	GlobalSection(SolutionProperties) = preSolution
		HideSolutionNode = FALSE
	EndGlobalSection
	GlobalSection(ExtensibilityGlobals) = postSolution
		SolutionGuid = {565F1231-6A4D-4FED-B1EF-13E44765E82A}
	EndGlobalSection
EndGlobal
